<?xml version="1.0" encoding="utf-8"?>
<Project ToolsVersion="4.0" xmlns="http://schemas.microsoft.com/developer/msbuild/2003">
  <ItemGroup>
    <ClCompile Include="src\ofApp.cpp">
      <Filter>src</Filter>
    </ClCompile>
    <ClCompile Include="src\main.cpp">
      <Filter>src</Filter>
    </ClCompile>
    <ClCompile Include="src\lineWithColor.cpp">
      <Filter>src</Filter>
    </ClCompile>
    <ClCompile Include="..\..\..\addons\ofxGui\src\ofxBaseGui.cpp">
      <Filter>addons\ofxGui\src</Filter>
    </ClCompile>
    <ClCompile Include="..\..\..\addons\ofxGui\src\ofxButton.cpp">
      <Filter>addons\ofxGui\src</Filter>
    </ClCompile>
    <ClCompile Include="..\..\..\addons\ofxGui\src\ofxGuiGroup.cpp">
      <Filter>addons\ofxGui\src</Filter>
    </ClCompile>
    <ClCompile Include="..\..\..\addons\ofxGui\src\ofxLabel.cpp">
      <Filter>addons\ofxGui\src</Filter>
    </ClCompile>
    <ClCompile Include="..\..\..\addons\ofxGui\src\ofxPanel.cpp">
      <Filter>addons\ofxGui\src</Filter>
    </ClCompile>
    <ClCompile Include="..\..\..\addons\ofxGui\src\ofxSlider.cpp">
      <Filter>addons\ofxGui\src</Filter>
    </ClCompile>
    <ClCompile Include="..\..\..\addons\ofxGui\src\ofxSliderGroup.cpp">
      <Filter>addons\ofxGui\src</Filter>
    </ClCompile>
    <ClCompile Include="..\..\..\addons\ofxGui\src\ofxToggle.cpp">
      <Filter>addons\ofxGui\src</Filter>
    </ClCompile>
    <ClCompile Include="..\..\..\addons\ofxOpenCv\src\ofxCvColorImage.cpp">
      <Filter>addons\ofxOpenCv\src</Filter>
    </ClCompile>
    <ClCompile Include="..\..\..\addons\ofxOpenCv\src\ofxCvContourFinder.cpp">
      <Filter>addons\ofxOpenCv\src</Filter>
    </ClCompile>
    <ClCompile Include="..\..\..\addons\ofxOpenCv\src\ofxCvFloatImage.cpp">
      <Filter>addons\ofxOpenCv\src</Filter>
    </ClCompile>
    <ClCompile Include="..\..\..\addons\ofxOpenCv\src\ofxCvGrayscaleImage.cpp">
      <Filter>addons\ofxOpenCv\src</Filter>
    </ClCompile>
    <ClCompile Include="..\..\..\addons\ofxOpenCv\src\ofxCvHaarFinder.cpp">
      <Filter>addons\ofxOpenCv\src</Filter>
    </ClCompile>
    <ClCompile Include="..\..\..\addons\ofxOpenCv\src\ofxCvImage.cpp">
      <Filter>addons\ofxOpenCv\src</Filter>
    </ClCompile>
    <ClCompile Include="..\..\..\addons\ofxOpenCv\src\ofxCvShortImage.cpp">
      <Filter>addons\ofxOpenCv\src</Filter>
    </ClCompile>
    <ClCompile Include="..\..\..\addons\ofxXmlSettings\src\ofxXmlSettings.cpp">
      <Filter>addons\ofxXmlSettings\src</Filter>
    </ClCompile>
    <ClCompile Include="..\..\..\addons\ofxXmlSettings\libs\tinyxml.cpp">
      <Filter>addons\ofxXmlSettings\libs</Filter>
    </ClCompile>
    <ClCompile Include="..\..\..\addons\ofxXmlSettings\libs\tinyxmlerror.cpp">
      <Filter>addons\ofxXmlSettings\libs</Filter>
    </ClCompile>
    <ClCompile Include="..\..\..\addons\ofxXmlSettings\libs\tinyxmlparser.cpp">
      <Filter>addons\ofxXmlSettings\libs</Filter>
    </ClCompile>
    <ClCompile Include="..\..\..\addons\ofxGLWarper\src\ofxGLWarper.cpp">
      <Filter>addons\ofxGLWarper\src</Filter>
    </ClCompile>
    <ClCompile Include="..\..\..\addons\ofxLeapMotion2\src\ofxLeapMotion2.cpp">
      <Filter>addons\ofxLeapMotion2\src</Filter>
    </ClCompile>
    <ClCompile Include="..\..\..\addons\ofxPiMapper\src\ofxPiMapper.cpp">
      <Filter>addons\ofxPiMapper\src</Filter>
    </ClCompile>
    <ClCompile Include="..\..\..\addons\ofxPiMapper\src\Application\Application.cpp">
      <Filter>addons\ofxPiMapper\src\Application</Filter>
    </ClCompile>
    <ClCompile Include="..\..\..\addons\ofxPiMapper\src\Application\SettingsLoader.cpp">
      <Filter>addons\ofxPiMapper\src\Application</Filter>
    </ClCompile>
    <ClCompile Include="..\..\..\addons\ofxPiMapper\src\Application\Modes\ApplicationBaseMode.cpp">
      <Filter>addons\ofxPiMapper\src\Application\Modes</Filter>
    </ClCompile>
    <ClCompile Include="..\..\..\addons\ofxPiMapper\src\Application\Modes\PresentationMode.cpp">
      <Filter>addons\ofxPiMapper\src\Application\Modes</Filter>
    </ClCompile>
    <ClCompile Include="..\..\..\addons\ofxPiMapper\src\Application\Modes\ProjectionMappingMode.cpp">
      <Filter>addons\ofxPiMapper\src\Application\Modes</Filter>
    </ClCompile>
    <ClCompile Include="..\..\..\addons\ofxPiMapper\src\Application\Modes\SourceSelectionMode.cpp">
      <Filter>addons\ofxPiMapper\src\Application\Modes</Filter>
    </ClCompile>
    <ClCompile Include="..\..\..\addons\ofxPiMapper\src\Application\Modes\TextureMappingMode.cpp">
      <Filter>addons\ofxPiMapper\src\Application\Modes</Filter>
    </ClCompile>
    <ClCompile Include="..\..\..\addons\ofxPiMapper\src\Commands\AddGridColCmd.cpp">
      <Filter>addons\ofxPiMapper\src\Commands</Filter>
    </ClCompile>
    <ClCompile Include="..\..\..\addons\ofxPiMapper\src\Commands\AddGridRowCmd.cpp">
      <Filter>addons\ofxPiMapper\src\Commands</Filter>
    </ClCompile>
    <ClCompile Include="..\..\..\addons\ofxPiMapper\src\Commands\AddSurfaceCmd.cpp">
      <Filter>addons\ofxPiMapper\src\Commands</Filter>
    </ClCompile>
    <ClCompile Include="..\..\..\addons\ofxPiMapper\src\Commands\ClearSurfacesCmd.cpp">
      <Filter>addons\ofxPiMapper\src\Commands</Filter>
    </ClCompile>
    <ClCompile Include="..\..\..\addons\ofxPiMapper\src\Commands\CmdManager.cpp">
      <Filter>addons\ofxPiMapper\src\Commands</Filter>
    </ClCompile>
    <ClCompile Include="..\..\..\addons\ofxPiMapper\src\Commands\DeselectSurfaceCmd.cpp">
      <Filter>addons\ofxPiMapper\src\Commands</Filter>
    </ClCompile>
    <ClCompile Include="..\..\..\addons\ofxPiMapper\src\Commands\DeselectTexCoordCmd.cpp">
      <Filter>addons\ofxPiMapper\src\Commands</Filter>
    </ClCompile>
    <ClCompile Include="..\..\..\addons\ofxPiMapper\src\Commands\DuplicateSurfaceCmd.cpp">
      <Filter>addons\ofxPiMapper\src\Commands</Filter>
    </ClCompile>
    <ClCompile Include="..\..\..\addons\ofxPiMapper\src\Commands\MvAllTexCoordsCmd.cpp">
      <Filter>addons\ofxPiMapper\src\Commands</Filter>
    </ClCompile>
    <ClCompile Include="..\..\..\addons\ofxPiMapper\src\Commands\MvLayerDnCmd.cpp">
      <Filter>addons\ofxPiMapper\src\Commands</Filter>
    </ClCompile>
    <ClCompile Include="..\..\..\addons\ofxPiMapper\src\Commands\MvLayerUpCmd.cpp">
      <Filter>addons\ofxPiMapper\src\Commands</Filter>
    </ClCompile>
    <ClCompile Include="..\..\..\addons\ofxPiMapper\src\Commands\MvSelectionCmd.cpp">
      <Filter>addons\ofxPiMapper\src\Commands</Filter>
    </ClCompile>
    <ClCompile Include="..\..\..\addons\ofxPiMapper\src\Commands\MvSurfaceVertCmd.cpp">
      <Filter>addons\ofxPiMapper\src\Commands</Filter>
    </ClCompile>
    <ClCompile Include="..\..\..\addons\ofxPiMapper\src\Commands\MvTexCoordCmd.cpp">
      <Filter>addons\ofxPiMapper\src\Commands</Filter>
    </ClCompile>
    <ClCompile Include="..\..\..\addons\ofxPiMapper\src\Commands\RmGridColCmd.cpp">
      <Filter>addons\ofxPiMapper\src\Commands</Filter>
    </ClCompile>
    <ClCompile Include="..\..\..\addons\ofxPiMapper\src\Commands\RmGridRowCmd.cpp">
      <Filter>addons\ofxPiMapper\src\Commands</Filter>
    </ClCompile>
    <ClCompile Include="..\..\..\addons\ofxPiMapper\src\Commands\RmSurfaceCmd.cpp">
      <Filter>addons\ofxPiMapper\src\Commands</Filter>
    </ClCompile>
    <ClCompile Include="..\..\..\addons\ofxPiMapper\src\Commands\SaveTexCoordPosCmd.cpp">
      <Filter>addons\ofxPiMapper\src\Commands</Filter>
    </ClCompile>
    <ClCompile Include="..\..\..\addons\ofxPiMapper\src\Commands\ScaleSurfaceFromToCmd.cpp">
      <Filter>addons\ofxPiMapper\src\Commands</Filter>
    </ClCompile>
    <ClCompile Include="..\..\..\addons\ofxPiMapper\src\Commands\SelNextSurfaceCmd.cpp">
      <Filter>addons\ofxPiMapper\src\Commands</Filter>
    </ClCompile>
    <ClCompile Include="..\..\..\addons\ofxPiMapper\src\Commands\SelNextTexCoordCmd.cpp">
      <Filter>addons\ofxPiMapper\src\Commands</Filter>
    </ClCompile>
    <ClCompile Include="..\..\..\addons\ofxPiMapper\src\Commands\SelNextVertexCmd.cpp">
      <Filter>addons\ofxPiMapper\src\Commands</Filter>
    </ClCompile>
    <ClCompile Include="..\..\..\addons\ofxPiMapper\src\Commands\SelPrevSurfaceCmd.cpp">
      <Filter>addons\ofxPiMapper\src\Commands</Filter>
    </ClCompile>
    <ClCompile Include="..\..\..\addons\ofxPiMapper\src\Commands\SelPrevTexCoordCmd.cpp">
      <Filter>addons\ofxPiMapper\src\Commands</Filter>
    </ClCompile>
    <ClCompile Include="..\..\..\addons\ofxPiMapper\src\Commands\SelPrevVertexCmd.cpp">
      <Filter>addons\ofxPiMapper\src\Commands</Filter>
    </ClCompile>
    <ClCompile Include="..\..\..\addons\ofxPiMapper\src\Commands\SelSurfaceCmd.cpp">
      <Filter>addons\ofxPiMapper\src\Commands</Filter>
    </ClCompile>
    <ClCompile Include="..\..\..\addons\ofxPiMapper\src\Commands\SelTexCoordCmd.cpp">
      <Filter>addons\ofxPiMapper\src\Commands</Filter>
    </ClCompile>
    <ClCompile Include="..\..\..\addons\ofxPiMapper\src\Commands\SelVertexCmd.cpp">
      <Filter>addons\ofxPiMapper\src\Commands</Filter>
    </ClCompile>
    <ClCompile Include="..\..\..\addons\ofxPiMapper\src\Commands\SetApplicationModeCmd.cpp">
      <Filter>addons\ofxPiMapper\src\Commands</Filter>
    </ClCompile>
    <ClCompile Include="..\..\..\addons\ofxPiMapper\src\Commands\SetNextSourceCmd.cpp">
      <Filter>addons\ofxPiMapper\src\Commands</Filter>
    </ClCompile>
    <ClCompile Include="..\..\..\addons\ofxPiMapper\src\Commands\SetPresetCmd.cpp">
      <Filter>addons\ofxPiMapper\src\Commands</Filter>
    </ClCompile>
    <ClCompile Include="..\..\..\addons\ofxPiMapper\src\Commands\SetSourceCmd.cpp">
      <Filter>addons\ofxPiMapper\src\Commands</Filter>
    </ClCompile>
    <ClCompile Include="..\..\..\addons\ofxPiMapper\src\Commands\SetTexMapDrawModeCmd.cpp">
      <Filter>addons\ofxPiMapper\src\Commands</Filter>
    </ClCompile>
    <ClCompile Include="..\..\..\addons\ofxPiMapper\src\Commands\StartDragSurfaceCmd.cpp">
      <Filter>addons\ofxPiMapper\src\Commands</Filter>
    </ClCompile>
    <ClCompile Include="..\..\..\addons\ofxPiMapper\src\Commands\ToggleAnimatedSourceCmd.cpp">
      <Filter>addons\ofxPiMapper\src\Commands</Filter>
    </ClCompile>
    <ClCompile Include="..\..\..\addons\ofxPiMapper\src\Commands\TogglePerspectiveCmd.cpp">
      <Filter>addons\ofxPiMapper\src\Commands</Filter>
    </ClCompile>
    <ClCompile Include="..\..\..\addons\ofxPiMapper\src\Commands\TranslateCanvasCmd.cpp">
      <Filter>addons\ofxPiMapper\src\Commands</Filter>
    </ClCompile>
    <ClCompile Include="..\..\..\addons\ofxPiMapper\src\Gui\Gui.cpp">
      <Filter>addons\ofxPiMapper\src\Gui</Filter>
    </ClCompile>
    <ClCompile Include="..\..\..\addons\ofxPiMapper\src\Gui\Widgets\LayerPanelWidget.cpp">
      <Filter>addons\ofxPiMapper\src\Gui\Widgets</Filter>
    </ClCompile>
    <ClCompile Include="..\..\..\addons\ofxPiMapper\src\Gui\Widgets\ProjectionEditorWidget.cpp">
      <Filter>addons\ofxPiMapper\src\Gui\Widgets</Filter>
    </ClCompile>
    <ClCompile Include="..\..\..\addons\ofxPiMapper\src\Gui\Widgets\ScaleWidget.cpp">
      <Filter>addons\ofxPiMapper\src\Gui\Widgets</Filter>
    </ClCompile>
    <ClCompile Include="..\..\..\addons\ofxPiMapper\src\Gui\Widgets\SourcesEditorWidget.cpp">
      <Filter>addons\ofxPiMapper\src\Gui\Widgets</Filter>
    </ClCompile>
    <ClCompile Include="..\..\..\addons\ofxPiMapper\src\Gui\Widgets\SurfaceHighlightWidget.cpp">
      <Filter>addons\ofxPiMapper\src\Gui\Widgets</Filter>
    </ClCompile>
    <ClCompile Include="..\..\..\addons\ofxPiMapper\src\Gui\Widgets\TextureEditorWidget.cpp">
      <Filter>addons\ofxPiMapper\src\Gui\Widgets</Filter>
    </ClCompile>
    <ClCompile Include="..\..\..\addons\ofxPiMapper\src\Gui\Widgets\TextureHighlightWidget.cpp">
      <Filter>addons\ofxPiMapper\src\Gui\Widgets</Filter>
    </ClCompile>
    <ClCompile Include="..\..\..\addons\ofxPiMapper\src\Info\Info.cpp">
      <Filter>addons\ofxPiMapper\src\Info</Filter>
    </ClCompile>
    <ClCompile Include="..\..\..\addons\ofxPiMapper\src\MediaServer\DirectoryWatcher.cpp">
      <Filter>addons\ofxPiMapper\src\MediaServer</Filter>
    </ClCompile>
    <ClCompile Include="..\..\..\addons\ofxPiMapper\src\MediaServer\MediaServer.cpp">
      <Filter>addons\ofxPiMapper\src\MediaServer</Filter>
    </ClCompile>
    <ClCompile Include="..\..\..\addons\ofxPiMapper\src\Sources\BaseSource.cpp">
      <Filter>addons\ofxPiMapper\src\Sources</Filter>
    </ClCompile>
    <ClCompile Include="..\..\..\addons\ofxPiMapper\src\Sources\FboSource.cpp">
      <Filter>addons\ofxPiMapper\src\Sources</Filter>
    </ClCompile>
    <ClCompile Include="..\..\..\addons\ofxPiMapper\src\Sources\ImageSource.cpp">
      <Filter>addons\ofxPiMapper\src\Sources</Filter>
    </ClCompile>
    <ClCompile Include="..\..\..\addons\ofxPiMapper\src\Sources\OMXPlayerCache.cpp">
      <Filter>addons\ofxPiMapper\src\Sources</Filter>
    </ClCompile>
    <ClCompile Include="..\..\..\addons\ofxPiMapper\src\Sources\VideoSource.cpp">
      <Filter>addons\ofxPiMapper\src\Sources</Filter>
    </ClCompile>
    <ClCompile Include="..\..\..\addons\ofxPiMapper\src\Surfaces\BaseSurface.cpp">
      <Filter>addons\ofxPiMapper\src\Surfaces</Filter>
    </ClCompile>
    <ClCompile Include="..\..\..\addons\ofxPiMapper\src\Surfaces\GridWarpSurface.cpp">
      <Filter>addons\ofxPiMapper\src\Surfaces</Filter>
    </ClCompile>
    <ClCompile Include="..\..\..\addons\ofxPiMapper\src\Surfaces\HexagonSurface.cpp">
      <Filter>addons\ofxPiMapper\src\Surfaces</Filter>
    </ClCompile>
    <ClCompile Include="..\..\..\addons\ofxPiMapper\src\Surfaces\QuadSurface.cpp">
      <Filter>addons\ofxPiMapper\src\Surfaces</Filter>
    </ClCompile>
    <ClCompile Include="..\..\..\addons\ofxPiMapper\src\Surfaces\SurfaceFactory.cpp">
      <Filter>addons\ofxPiMapper\src\Surfaces</Filter>
    </ClCompile>
    <ClCompile Include="..\..\..\addons\ofxPiMapper\src\Surfaces\SurfaceManager.cpp">
      <Filter>addons\ofxPiMapper\src\Surfaces</Filter>
    </ClCompile>
    <ClCompile Include="..\..\..\addons\ofxPiMapper\src\Surfaces\SurfaceStack.cpp">
      <Filter>addons\ofxPiMapper\src\Surfaces</Filter>
    </ClCompile>
    <ClCompile Include="..\..\..\addons\ofxPiMapper\src\Surfaces\TriangleSurface.cpp">
      <Filter>addons\ofxPiMapper\src\Surfaces</Filter>
    </ClCompile>
    <ClCompile Include="..\..\..\addons\ofxPiMapper\src\UserInterface\BaseJoint.cpp">
      <Filter>addons\ofxPiMapper\src\UserInterface</Filter>
    </ClCompile>
    <ClCompile Include="..\..\..\addons\ofxPiMapper\src\UserInterface\CircleJoint.cpp">
      <Filter>addons\ofxPiMapper\src\UserInterface</Filter>
    </ClCompile>
    <ClCompile Include="..\..\..\addons\ofxPiMapper\src\UserInterface\RadioList.cpp">
      <Filter>addons\ofxPiMapper\src\UserInterface</Filter>
    </ClCompile>
    <ClCompile Include="..\..\..\addons\ofxPiMapper\src\Utils\HomographyHelper.cpp">
      <Filter>addons\ofxPiMapper\src\Utils</Filter>
    </ClCompile>
  </ItemGroup>
  <ItemGroup>
    <Filter Include="src">
      <UniqueIdentifier>{d8376475-7454-4a24-b08a-aac121d3ad6f}</UniqueIdentifier>
    </Filter>
    <Filter Include="addons">
      <UniqueIdentifier>{71834F65-F3A9-211E-73B8-DC85}</UniqueIdentifier>
    </Filter>
    <Filter Include="addons\ofxGui">
      <UniqueIdentifier>{869cd4cc-a718-455b-b13e-aca6c32569a8}</UniqueIdentifier>
    </Filter>
    <Filter Include="addons\ofxGui\src">
      <UniqueIdentifier>{699170d6-9723-400c-b4b4-0bc9c125e094}</UniqueIdentifier>
    </Filter>
    <Filter Include="addons\ofxOpenCv">
      <UniqueIdentifier>{91af792e-3e60-4fc5-8189-5412b7dea357}</UniqueIdentifier>
    </Filter>
    <Filter Include="addons\ofxOpenCv\src">
      <UniqueIdentifier>{8079ae2c-5c4c-4172-bb2a-f6e25e630247}</UniqueIdentifier>
    </Filter>
    <Filter Include="addons\ofxOpenCv\libs">
      <UniqueIdentifier>{42b78a7b-3a9d-4f34-a86c-291b30c4deda}</UniqueIdentifier>
    </Filter>
    <Filter Include="addons\ofxOpenCv\libs\opencv">
      <UniqueIdentifier>{19dab6e2-47d1-423a-af9a-2c31f9710612}</UniqueIdentifier>
    </Filter>
    <Filter Include="addons\ofxOpenCv\libs\opencv\include">
      <UniqueIdentifier>{8e845ca2-18b2-4e2e-929f-fd3c948c7aaa}</UniqueIdentifier>
    </Filter>
    <Filter Include="addons\ofxOpenCv\libs\opencv\include\opencv">
      <UniqueIdentifier>{671353f5-1e64-4cd4-8553-1e0dff30e9e1}</UniqueIdentifier>
    </Filter>
    <Filter Include="addons\ofxOpenCv\libs\opencv\include\opencv2">
      <UniqueIdentifier>{fdd07f90-c07c-43f2-96b0-6cd7867e631f}</UniqueIdentifier>
    </Filter>
    <Filter Include="addons\ofxOpenCv\libs\opencv\include\opencv2\calib3d">
      <UniqueIdentifier>{8c2d59e9-8a28-4006-9d53-d6e44d03783b}</UniqueIdentifier>
    </Filter>
    <Filter Include="addons\ofxOpenCv\libs\opencv\include\opencv2\contrib">
      <UniqueIdentifier>{fb32e04c-ee3a-4dd7-993c-a0c42fc2a030}</UniqueIdentifier>
    </Filter>
    <Filter Include="addons\ofxOpenCv\libs\opencv\include\opencv2\core">
      <UniqueIdentifier>{79b72400-ddca-47d2-96ba-84d36b6486ea}</UniqueIdentifier>
    </Filter>
    <Filter Include="addons\ofxOpenCv\libs\opencv\include\opencv2\features2d">
      <UniqueIdentifier>{83cec290-43c2-4d0f-8900-2973b14010ad}</UniqueIdentifier>
    </Filter>
    <Filter Include="addons\ofxOpenCv\libs\opencv\include\opencv2\flann">
      <UniqueIdentifier>{e85246cd-28dc-4462-85f0-b3f7b6ac0f74}</UniqueIdentifier>
    </Filter>
    <Filter Include="addons\ofxOpenCv\libs\opencv\include\opencv2\gpu">
      <UniqueIdentifier>{9c083c6e-0aaf-42e2-b88b-1db5b6c14dd2}</UniqueIdentifier>
    </Filter>
    <Filter Include="addons\ofxOpenCv\libs\opencv\include\opencv2\gpu\device">
      <UniqueIdentifier>{c169ea68-3b1b-40ef-af57-a9c396ef2767}</UniqueIdentifier>
    </Filter>
    <Filter Include="addons\ofxOpenCv\libs\opencv\include\opencv2\gpu\device\detail">
      <UniqueIdentifier>{e370cc5e-0c01-4f51-afe2-abd8abf13497}</UniqueIdentifier>
    </Filter>
    <Filter Include="addons\ofxOpenCv\libs\opencv\include\opencv2\highgui">
      <UniqueIdentifier>{29a41263-4d28-42ef-baa6-695109912218}</UniqueIdentifier>
    </Filter>
    <Filter Include="addons\ofxOpenCv\libs\opencv\include\opencv2\imgproc">
      <UniqueIdentifier>{b1e10605-4d8e-4d7d-a1c1-d49928cb38a2}</UniqueIdentifier>
    </Filter>
    <Filter Include="addons\ofxOpenCv\libs\opencv\include\opencv2\legacy">
      <UniqueIdentifier>{a776c743-e2e6-4cd3-859f-6b0e8755dcdf}</UniqueIdentifier>
    </Filter>
    <Filter Include="addons\ofxOpenCv\libs\opencv\include\opencv2\ml">
      <UniqueIdentifier>{887cb299-af18-4c23-afd5-b67dae996a92}</UniqueIdentifier>
    </Filter>
    <Filter Include="addons\ofxOpenCv\libs\opencv\include\opencv2\nonfree">
      <UniqueIdentifier>{64a91d7f-c717-4434-b4a9-bc619f7ae91c}</UniqueIdentifier>
    </Filter>
    <Filter Include="addons\ofxOpenCv\libs\opencv\include\opencv2\objdetect">
      <UniqueIdentifier>{4cadfdc6-a347-470f-96e5-b2807da74e51}</UniqueIdentifier>
    </Filter>
    <Filter Include="addons\ofxOpenCv\libs\opencv\include\opencv2\photo">
      <UniqueIdentifier>{e35b3640-1d87-4f70-9eea-f4df2e9d1f7b}</UniqueIdentifier>
    </Filter>
    <Filter Include="addons\ofxOpenCv\libs\opencv\include\opencv2\stitching">
      <UniqueIdentifier>{22e3ea26-b992-4b33-8f33-c6a6a590921a}</UniqueIdentifier>
    </Filter>
    <Filter Include="addons\ofxOpenCv\libs\opencv\include\opencv2\stitching\detail">
      <UniqueIdentifier>{35e46203-6861-445b-b6b3-ec64767adf35}</UniqueIdentifier>
    </Filter>
    <Filter Include="addons\ofxOpenCv\libs\opencv\include\opencv2\superres">
      <UniqueIdentifier>{71ca2b7b-7376-4c09-b94b-4c2fae0263eb}</UniqueIdentifier>
    </Filter>
    <Filter Include="addons\ofxOpenCv\libs\opencv\include\opencv2\ts">
      <UniqueIdentifier>{6b20fdaf-575b-4dd6-b52b-25f395a5c165}</UniqueIdentifier>
    </Filter>
    <Filter Include="addons\ofxOpenCv\libs\opencv\include\opencv2\video">
      <UniqueIdentifier>{8aff4b92-2923-4cab-a926-2f8348c94a0a}</UniqueIdentifier>
    </Filter>
    <Filter Include="addons\ofxOpenCv\libs\opencv\include\opencv2\videostab">
      <UniqueIdentifier>{b5f572e5-c054-4fc3-b684-e087966e3ee6}</UniqueIdentifier>
    </Filter>
    <Filter Include="addons\ofxXmlSettings">
      <UniqueIdentifier>{818c8752-a877-4ac7-8419-667f7214bd25}</UniqueIdentifier>
    </Filter>
    <Filter Include="addons\ofxXmlSettings\src">
      <UniqueIdentifier>{5be7ce2d-d355-4df2-9429-28a75983ee10}</UniqueIdentifier>
    </Filter>
    <Filter Include="addons\ofxXmlSettings\libs">
      <UniqueIdentifier>{ed5bf5bc-bb08-44a3-99dd-8c2d4f2985a1}</UniqueIdentifier>
    </Filter>
    <Filter Include="addons\ofxGLWarper">
      <UniqueIdentifier>{d48fa69a-45db-4cc2-afd0-405c2e9db103}</UniqueIdentifier>
    </Filter>
    <Filter Include="addons\ofxGLWarper\src">
      <UniqueIdentifier>{7a591ea7-69fc-4c71-b402-e6d4e6e3c1ce}</UniqueIdentifier>
    </Filter>
    <Filter Include="addons\ofxLeapMotion2">
      <UniqueIdentifier>{cb7413ca-fdb8-4153-a1ba-b11234e8f39b}</UniqueIdentifier>
    </Filter>
    <Filter Include="addons\ofxLeapMotion2\src">
      <UniqueIdentifier>{6b79d66c-b318-4a55-ad7a-9a8ed1e2fd6f}</UniqueIdentifier>
    </Filter>
    <Filter Include="addons\ofxLeapMotion2\libs">
      <UniqueIdentifier>{f3048217-f2b8-422e-8b01-a1825024dc7b}</UniqueIdentifier>
    </Filter>
    <Filter Include="addons\ofxLeapMotion2\libs\include">
      <UniqueIdentifier>{876be929-d678-48c8-8486-da23318fb4c7}</UniqueIdentifier>
    </Filter>
    <Filter Include="addons\ofxPiMapper">
      <UniqueIdentifier>{b6267578-c6e8-487a-a120-6f07a51a7788}</UniqueIdentifier>
    </Filter>
    <Filter Include="addons\ofxPiMapper\src">
      <UniqueIdentifier>{04452724-aa3e-487b-ad6a-01dd0cbf4198}</UniqueIdentifier>
    </Filter>
    <Filter Include="addons\ofxPiMapper\src\Application">
      <UniqueIdentifier>{cbebc6ae-3a2c-46bc-9cbf-6e3928a6cd11}</UniqueIdentifier>
    </Filter>
    <Filter Include="addons\ofxPiMapper\src\Application\Modes">
      <UniqueIdentifier>{60bb45db-ffc8-479a-b4dd-953844bb54a5}</UniqueIdentifier>
    </Filter>
    <Filter Include="addons\ofxPiMapper\src\Commands">
      <UniqueIdentifier>{1a8ac5ce-6acc-460e-8c1a-b0b87f3525c2}</UniqueIdentifier>
    </Filter>
    <Filter Include="addons\ofxPiMapper\src\Gui">
      <UniqueIdentifier>{59fef2c8-171c-4a2a-b1ec-35a4e4bb848e}</UniqueIdentifier>
    </Filter>
    <Filter Include="addons\ofxPiMapper\src\Gui\Widgets">
      <UniqueIdentifier>{ff2bb253-4c58-452f-8c67-a85c04714ede}</UniqueIdentifier>
    </Filter>
    <Filter Include="addons\ofxPiMapper\src\Info">
      <UniqueIdentifier>{96c203bb-ae8f-4d89-96e5-7279eba74fc9}</UniqueIdentifier>
    </Filter>
    <Filter Include="addons\ofxPiMapper\src\MediaServer">
      <UniqueIdentifier>{0a0044fd-35cd-4f46-8f1f-a0da1355e3ca}</UniqueIdentifier>
    </Filter>
    <Filter Include="addons\ofxPiMapper\src\Sources">
      <UniqueIdentifier>{aa064797-d148-4951-afb7-8a4bb82e8231}</UniqueIdentifier>
    </Filter>
    <Filter Include="addons\ofxPiMapper\src\Surfaces">
      <UniqueIdentifier>{cd8311f7-44a5-4583-8be1-dc3427056c75}</UniqueIdentifier>
    </Filter>
    <Filter Include="addons\ofxPiMapper\src\UserInterface">
      <UniqueIdentifier>{ac3bc918-3adf-41e5-80e9-1b647a3c7db5}</UniqueIdentifier>
    </Filter>
    <Filter Include="addons\ofxPiMapper\src\Utils">
      <UniqueIdentifier>{0124143b-9a05-402f-bb58-63595b72e9ea}</UniqueIdentifier>
    </Filter>
  </ItemGroup>
  <ItemGroup>
    <ClInclude Include="src\ofApp.h">
      <Filter>src</Filter>
    </ClInclude>
    <ClInclude Include="src\lineWithColor.h">
      <Filter>src</Filter>
    </ClInclude>
    <ClInclude Include="..\..\..\addons\ofxGui\src\ofxBaseGui.h">
      <Filter>addons\ofxGui\src</Filter>
    </ClInclude>
    <ClInclude Include="..\..\..\addons\ofxGui\src\ofxButton.h">
      <Filter>addons\ofxGui\src</Filter>
    </ClInclude>
    <ClInclude Include="..\..\..\addons\ofxGui\src\ofxGui.h">
      <Filter>addons\ofxGui\src</Filter>
    </ClInclude>
    <ClInclude Include="..\..\..\addons\ofxGui\src\ofxGuiGroup.h">
      <Filter>addons\ofxGui\src</Filter>
    </ClInclude>
    <ClInclude Include="..\..\..\addons\ofxGui\src\ofxLabel.h">
      <Filter>addons\ofxGui\src</Filter>
    </ClInclude>
    <ClInclude Include="..\..\..\addons\ofxGui\src\ofxPanel.h">
      <Filter>addons\ofxGui\src</Filter>
    </ClInclude>
    <ClInclude Include="..\..\..\addons\ofxGui\src\ofxSlider.h">
      <Filter>addons\ofxGui\src</Filter>
    </ClInclude>
    <ClInclude Include="..\..\..\addons\ofxGui\src\ofxSliderGroup.h">
      <Filter>addons\ofxGui\src</Filter>
    </ClInclude>
    <ClInclude Include="..\..\..\addons\ofxGui\src\ofxToggle.h">
      <Filter>addons\ofxGui\src</Filter>
    </ClInclude>
    <ClInclude Include="..\..\..\addons\ofxOpenCv\src\ofxCvBlob.h">
      <Filter>addons\ofxOpenCv\src</Filter>
    </ClInclude>
    <ClInclude Include="..\..\..\addons\ofxOpenCv\src\ofxCvColorImage.h">
      <Filter>addons\ofxOpenCv\src</Filter>
    </ClInclude>
    <ClInclude Include="..\..\..\addons\ofxOpenCv\src\ofxCvConstants.h">
      <Filter>addons\ofxOpenCv\src</Filter>
    </ClInclude>
    <ClInclude Include="..\..\..\addons\ofxOpenCv\src\ofxCvContourFinder.h">
      <Filter>addons\ofxOpenCv\src</Filter>
    </ClInclude>
    <ClInclude Include="..\..\..\addons\ofxOpenCv\src\ofxCvFloatImage.h">
      <Filter>addons\ofxOpenCv\src</Filter>
    </ClInclude>
    <ClInclude Include="..\..\..\addons\ofxOpenCv\src\ofxCvGrayscaleImage.h">
      <Filter>addons\ofxOpenCv\src</Filter>
    </ClInclude>
    <ClInclude Include="..\..\..\addons\ofxOpenCv\src\ofxCvHaarFinder.h">
      <Filter>addons\ofxOpenCv\src</Filter>
    </ClInclude>
    <ClInclude Include="..\..\..\addons\ofxOpenCv\src\ofxCvImage.h">
      <Filter>addons\ofxOpenCv\src</Filter>
    </ClInclude>
    <ClInclude Include="..\..\..\addons\ofxOpenCv\src\ofxCvShortImage.h">
      <Filter>addons\ofxOpenCv\src</Filter>
    </ClInclude>
    <ClInclude Include="..\..\..\addons\ofxOpenCv\src\ofxOpenCv.h">
      <Filter>addons\ofxOpenCv\src</Filter>
    </ClInclude>
    <ClInclude Include="..\..\..\addons\ofxOpenCv\libs\opencv\include\opencv\cv.h">
      <Filter>addons\ofxOpenCv\libs\opencv\include\opencv</Filter>
    </ClInclude>
    <ClInclude Include="..\..\..\addons\ofxOpenCv\libs\opencv\include\opencv\cvaux.h">
      <Filter>addons\ofxOpenCv\libs\opencv\include\opencv</Filter>
    </ClInclude>
    <ClInclude Include="..\..\..\addons\ofxOpenCv\libs\opencv\include\opencv\cvwimage.h">
      <Filter>addons\ofxOpenCv\libs\opencv\include\opencv</Filter>
    </ClInclude>
    <ClInclude Include="..\..\..\addons\ofxOpenCv\libs\opencv\include\opencv\cxcore.h">
      <Filter>addons\ofxOpenCv\libs\opencv\include\opencv</Filter>
    </ClInclude>
    <ClInclude Include="..\..\..\addons\ofxOpenCv\libs\opencv\include\opencv\cxmisc.h">
      <Filter>addons\ofxOpenCv\libs\opencv\include\opencv</Filter>
    </ClInclude>
    <ClInclude Include="..\..\..\addons\ofxOpenCv\libs\opencv\include\opencv\highgui.h">
      <Filter>addons\ofxOpenCv\libs\opencv\include\opencv</Filter>
    </ClInclude>
    <ClInclude Include="..\..\..\addons\ofxOpenCv\libs\opencv\include\opencv\ml.h">
      <Filter>addons\ofxOpenCv\libs\opencv\include\opencv</Filter>
    </ClInclude>
    <ClInclude Include="..\..\..\addons\ofxOpenCv\libs\opencv\include\opencv\cv.hpp">
      <Filter>addons\ofxOpenCv\libs\opencv\include\opencv</Filter>
    </ClInclude>
    <ClInclude Include="..\..\..\addons\ofxOpenCv\libs\opencv\include\opencv\cvaux.hpp">
      <Filter>addons\ofxOpenCv\libs\opencv\include\opencv</Filter>
    </ClInclude>
    <ClInclude Include="..\..\..\addons\ofxOpenCv\libs\opencv\include\opencv\cxcore.hpp">
      <Filter>addons\ofxOpenCv\libs\opencv\include\opencv</Filter>
    </ClInclude>
    <ClInclude Include="..\..\..\addons\ofxOpenCv\libs\opencv\include\opencv\cxeigen.hpp">
      <Filter>addons\ofxOpenCv\libs\opencv\include\opencv</Filter>
    </ClInclude>
    <ClInclude Include="..\..\..\addons\ofxOpenCv\libs\opencv\include\opencv2\opencv.hpp">
      <Filter>addons\ofxOpenCv\libs\opencv\include\opencv2</Filter>
    </ClInclude>
    <ClInclude Include="..\..\..\addons\ofxOpenCv\libs\opencv\include\opencv2\opencv_modules.hpp">
      <Filter>addons\ofxOpenCv\libs\opencv\include\opencv2</Filter>
    </ClInclude>
    <ClInclude Include="..\..\..\addons\ofxOpenCv\libs\opencv\include\opencv2\calib3d\calib3d.hpp">
      <Filter>addons\ofxOpenCv\libs\opencv\include\opencv2\calib3d</Filter>
    </ClInclude>
    <ClInclude Include="..\..\..\addons\ofxOpenCv\libs\opencv\include\opencv2\contrib\contrib.hpp">
      <Filter>addons\ofxOpenCv\libs\opencv\include\opencv2\contrib</Filter>
    </ClInclude>
    <ClInclude Include="..\..\..\addons\ofxOpenCv\libs\opencv\include\opencv2\contrib\detection_based_tracker.hpp">
      <Filter>addons\ofxOpenCv\libs\opencv\include\opencv2\contrib</Filter>
    </ClInclude>
    <ClInclude Include="..\..\..\addons\ofxOpenCv\libs\opencv\include\opencv2\contrib\hybridtracker.hpp">
      <Filter>addons\ofxOpenCv\libs\opencv\include\opencv2\contrib</Filter>
    </ClInclude>
    <ClInclude Include="..\..\..\addons\ofxOpenCv\libs\opencv\include\opencv2\contrib\openfabmap.hpp">
      <Filter>addons\ofxOpenCv\libs\opencv\include\opencv2\contrib</Filter>
    </ClInclude>
    <ClInclude Include="..\..\..\addons\ofxOpenCv\libs\opencv\include\opencv2\contrib\retina.hpp">
      <Filter>addons\ofxOpenCv\libs\opencv\include\opencv2\contrib</Filter>
    </ClInclude>
    <ClInclude Include="..\..\..\addons\ofxOpenCv\libs\opencv\include\opencv2\core\core_c.h">
      <Filter>addons\ofxOpenCv\libs\opencv\include\opencv2\core</Filter>
    </ClInclude>
    <ClInclude Include="..\..\..\addons\ofxOpenCv\libs\opencv\include\opencv2\core\types_c.h">
      <Filter>addons\ofxOpenCv\libs\opencv\include\opencv2\core</Filter>
    </ClInclude>
    <ClInclude Include="..\..\..\addons\ofxOpenCv\libs\opencv\include\opencv2\core\affine.hpp">
      <Filter>addons\ofxOpenCv\libs\opencv\include\opencv2\core</Filter>
    </ClInclude>
    <ClInclude Include="..\..\..\addons\ofxOpenCv\libs\opencv\include\opencv2\core\core.hpp">
      <Filter>addons\ofxOpenCv\libs\opencv\include\opencv2\core</Filter>
    </ClInclude>
    <ClInclude Include="..\..\..\addons\ofxOpenCv\libs\opencv\include\opencv2\core\cuda_devptrs.hpp">
      <Filter>addons\ofxOpenCv\libs\opencv\include\opencv2\core</Filter>
    </ClInclude>
    <ClInclude Include="..\..\..\addons\ofxOpenCv\libs\opencv\include\opencv2\core\devmem2d.hpp">
      <Filter>addons\ofxOpenCv\libs\opencv\include\opencv2\core</Filter>
    </ClInclude>
    <ClInclude Include="..\..\..\addons\ofxOpenCv\libs\opencv\include\opencv2\core\eigen.hpp">
      <Filter>addons\ofxOpenCv\libs\opencv\include\opencv2\core</Filter>
    </ClInclude>
    <ClInclude Include="..\..\..\addons\ofxOpenCv\libs\opencv\include\opencv2\core\gpumat.hpp">
      <Filter>addons\ofxOpenCv\libs\opencv\include\opencv2\core</Filter>
    </ClInclude>
    <ClInclude Include="..\..\..\addons\ofxOpenCv\libs\opencv\include\opencv2\core\internal.hpp">
      <Filter>addons\ofxOpenCv\libs\opencv\include\opencv2\core</Filter>
    </ClInclude>
    <ClInclude Include="..\..\..\addons\ofxOpenCv\libs\opencv\include\opencv2\core\mat.hpp">
      <Filter>addons\ofxOpenCv\libs\opencv\include\opencv2\core</Filter>
    </ClInclude>
    <ClInclude Include="..\..\..\addons\ofxOpenCv\libs\opencv\include\opencv2\core\opengl_interop.hpp">
      <Filter>addons\ofxOpenCv\libs\opencv\include\opencv2\core</Filter>
    </ClInclude>
    <ClInclude Include="..\..\..\addons\ofxOpenCv\libs\opencv\include\opencv2\core\opengl_interop_deprecated.hpp">
      <Filter>addons\ofxOpenCv\libs\opencv\include\opencv2\core</Filter>
    </ClInclude>
    <ClInclude Include="..\..\..\addons\ofxOpenCv\libs\opencv\include\opencv2\core\operations.hpp">
      <Filter>addons\ofxOpenCv\libs\opencv\include\opencv2\core</Filter>
    </ClInclude>
    <ClInclude Include="..\..\..\addons\ofxOpenCv\libs\opencv\include\opencv2\core\version.hpp">
      <Filter>addons\ofxOpenCv\libs\opencv\include\opencv2\core</Filter>
    </ClInclude>
    <ClInclude Include="..\..\..\addons\ofxOpenCv\libs\opencv\include\opencv2\core\wimage.hpp">
      <Filter>addons\ofxOpenCv\libs\opencv\include\opencv2\core</Filter>
    </ClInclude>
    <ClInclude Include="..\..\..\addons\ofxOpenCv\libs\opencv\include\opencv2\features2d\features2d.hpp">
      <Filter>addons\ofxOpenCv\libs\opencv\include\opencv2\features2d</Filter>
    </ClInclude>
    <ClInclude Include="..\..\..\addons\ofxOpenCv\libs\opencv\include\opencv2\flann\allocator.h">
      <Filter>addons\ofxOpenCv\libs\opencv\include\opencv2\flann</Filter>
    </ClInclude>
    <ClInclude Include="..\..\..\addons\ofxOpenCv\libs\opencv\include\opencv2\flann\all_indices.h">
      <Filter>addons\ofxOpenCv\libs\opencv\include\opencv2\flann</Filter>
    </ClInclude>
    <ClInclude Include="..\..\..\addons\ofxOpenCv\libs\opencv\include\opencv2\flann\any.h">
      <Filter>addons\ofxOpenCv\libs\opencv\include\opencv2\flann</Filter>
    </ClInclude>
    <ClInclude Include="..\..\..\addons\ofxOpenCv\libs\opencv\include\opencv2\flann\autotuned_index.h">
      <Filter>addons\ofxOpenCv\libs\opencv\include\opencv2\flann</Filter>
    </ClInclude>
    <ClInclude Include="..\..\..\addons\ofxOpenCv\libs\opencv\include\opencv2\flann\composite_index.h">
      <Filter>addons\ofxOpenCv\libs\opencv\include\opencv2\flann</Filter>
    </ClInclude>
    <ClInclude Include="..\..\..\addons\ofxOpenCv\libs\opencv\include\opencv2\flann\config.h">
      <Filter>addons\ofxOpenCv\libs\opencv\include\opencv2\flann</Filter>
    </ClInclude>
    <ClInclude Include="..\..\..\addons\ofxOpenCv\libs\opencv\include\opencv2\flann\defines.h">
      <Filter>addons\ofxOpenCv\libs\opencv\include\opencv2\flann</Filter>
    </ClInclude>
    <ClInclude Include="..\..\..\addons\ofxOpenCv\libs\opencv\include\opencv2\flann\dist.h">
      <Filter>addons\ofxOpenCv\libs\opencv\include\opencv2\flann</Filter>
    </ClInclude>
    <ClInclude Include="..\..\..\addons\ofxOpenCv\libs\opencv\include\opencv2\flann\dummy.h">
      <Filter>addons\ofxOpenCv\libs\opencv\include\opencv2\flann</Filter>
    </ClInclude>
    <ClInclude Include="..\..\..\addons\ofxOpenCv\libs\opencv\include\opencv2\flann\dynamic_bitset.h">
      <Filter>addons\ofxOpenCv\libs\opencv\include\opencv2\flann</Filter>
    </ClInclude>
    <ClInclude Include="..\..\..\addons\ofxOpenCv\libs\opencv\include\opencv2\flann\general.h">
      <Filter>addons\ofxOpenCv\libs\opencv\include\opencv2\flann</Filter>
    </ClInclude>
    <ClInclude Include="..\..\..\addons\ofxOpenCv\libs\opencv\include\opencv2\flann\ground_truth.h">
      <Filter>addons\ofxOpenCv\libs\opencv\include\opencv2\flann</Filter>
    </ClInclude>
    <ClInclude Include="..\..\..\addons\ofxOpenCv\libs\opencv\include\opencv2\flann\hdf5.h">
      <Filter>addons\ofxOpenCv\libs\opencv\include\opencv2\flann</Filter>
    </ClInclude>
    <ClInclude Include="..\..\..\addons\ofxOpenCv\libs\opencv\include\opencv2\flann\heap.h">
      <Filter>addons\ofxOpenCv\libs\opencv\include\opencv2\flann</Filter>
    </ClInclude>
    <ClInclude Include="..\..\..\addons\ofxOpenCv\libs\opencv\include\opencv2\flann\hierarchical_clustering_index.h">
      <Filter>addons\ofxOpenCv\libs\opencv\include\opencv2\flann</Filter>
    </ClInclude>
    <ClInclude Include="..\..\..\addons\ofxOpenCv\libs\opencv\include\opencv2\flann\index_testing.h">
      <Filter>addons\ofxOpenCv\libs\opencv\include\opencv2\flann</Filter>
    </ClInclude>
    <ClInclude Include="..\..\..\addons\ofxOpenCv\libs\opencv\include\opencv2\flann\kdtree_index.h">
      <Filter>addons\ofxOpenCv\libs\opencv\include\opencv2\flann</Filter>
    </ClInclude>
    <ClInclude Include="..\..\..\addons\ofxOpenCv\libs\opencv\include\opencv2\flann\kdtree_single_index.h">
      <Filter>addons\ofxOpenCv\libs\opencv\include\opencv2\flann</Filter>
    </ClInclude>
    <ClInclude Include="..\..\..\addons\ofxOpenCv\libs\opencv\include\opencv2\flann\kmeans_index.h">
      <Filter>addons\ofxOpenCv\libs\opencv\include\opencv2\flann</Filter>
    </ClInclude>
    <ClInclude Include="..\..\..\addons\ofxOpenCv\libs\opencv\include\opencv2\flann\linear_index.h">
      <Filter>addons\ofxOpenCv\libs\opencv\include\opencv2\flann</Filter>
    </ClInclude>
    <ClInclude Include="..\..\..\addons\ofxOpenCv\libs\opencv\include\opencv2\flann\logger.h">
      <Filter>addons\ofxOpenCv\libs\opencv\include\opencv2\flann</Filter>
    </ClInclude>
    <ClInclude Include="..\..\..\addons\ofxOpenCv\libs\opencv\include\opencv2\flann\lsh_index.h">
      <Filter>addons\ofxOpenCv\libs\opencv\include\opencv2\flann</Filter>
    </ClInclude>
    <ClInclude Include="..\..\..\addons\ofxOpenCv\libs\opencv\include\opencv2\flann\lsh_table.h">
      <Filter>addons\ofxOpenCv\libs\opencv\include\opencv2\flann</Filter>
    </ClInclude>
    <ClInclude Include="..\..\..\addons\ofxOpenCv\libs\opencv\include\opencv2\flann\matrix.h">
      <Filter>addons\ofxOpenCv\libs\opencv\include\opencv2\flann</Filter>
    </ClInclude>
    <ClInclude Include="..\..\..\addons\ofxOpenCv\libs\opencv\include\opencv2\flann\nn_index.h">
      <Filter>addons\ofxOpenCv\libs\opencv\include\opencv2\flann</Filter>
    </ClInclude>
    <ClInclude Include="..\..\..\addons\ofxOpenCv\libs\opencv\include\opencv2\flann\object_factory.h">
      <Filter>addons\ofxOpenCv\libs\opencv\include\opencv2\flann</Filter>
    </ClInclude>
    <ClInclude Include="..\..\..\addons\ofxOpenCv\libs\opencv\include\opencv2\flann\params.h">
      <Filter>addons\ofxOpenCv\libs\opencv\include\opencv2\flann</Filter>
    </ClInclude>
    <ClInclude Include="..\..\..\addons\ofxOpenCv\libs\opencv\include\opencv2\flann\random.h">
      <Filter>addons\ofxOpenCv\libs\opencv\include\opencv2\flann</Filter>
    </ClInclude>
    <ClInclude Include="..\..\..\addons\ofxOpenCv\libs\opencv\include\opencv2\flann\result_set.h">
      <Filter>addons\ofxOpenCv\libs\opencv\include\opencv2\flann</Filter>
    </ClInclude>
    <ClInclude Include="..\..\..\addons\ofxOpenCv\libs\opencv\include\opencv2\flann\sampling.h">
      <Filter>addons\ofxOpenCv\libs\opencv\include\opencv2\flann</Filter>
    </ClInclude>
    <ClInclude Include="..\..\..\addons\ofxOpenCv\libs\opencv\include\opencv2\flann\saving.h">
      <Filter>addons\ofxOpenCv\libs\opencv\include\opencv2\flann</Filter>
    </ClInclude>
    <ClInclude Include="..\..\..\addons\ofxOpenCv\libs\opencv\include\opencv2\flann\simplex_downhill.h">
      <Filter>addons\ofxOpenCv\libs\opencv\include\opencv2\flann</Filter>
    </ClInclude>
    <ClInclude Include="..\..\..\addons\ofxOpenCv\libs\opencv\include\opencv2\flann\timer.h">
      <Filter>addons\ofxOpenCv\libs\opencv\include\opencv2\flann</Filter>
    </ClInclude>
    <ClInclude Include="..\..\..\addons\ofxOpenCv\libs\opencv\include\opencv2\flann\flann.hpp">
      <Filter>addons\ofxOpenCv\libs\opencv\include\opencv2\flann</Filter>
    </ClInclude>
    <ClInclude Include="..\..\..\addons\ofxOpenCv\libs\opencv\include\opencv2\flann\flann_base.hpp">
      <Filter>addons\ofxOpenCv\libs\opencv\include\opencv2\flann</Filter>
    </ClInclude>
    <ClInclude Include="..\..\..\addons\ofxOpenCv\libs\opencv\include\opencv2\flann\miniflann.hpp">
      <Filter>addons\ofxOpenCv\libs\opencv\include\opencv2\flann</Filter>
    </ClInclude>
    <ClInclude Include="..\..\..\addons\ofxOpenCv\libs\opencv\include\opencv2\gpu\devmem2d.hpp">
      <Filter>addons\ofxOpenCv\libs\opencv\include\opencv2\gpu</Filter>
    </ClInclude>
    <ClInclude Include="..\..\..\addons\ofxOpenCv\libs\opencv\include\opencv2\gpu\gpu.hpp">
      <Filter>addons\ofxOpenCv\libs\opencv\include\opencv2\gpu</Filter>
    </ClInclude>
    <ClInclude Include="..\..\..\addons\ofxOpenCv\libs\opencv\include\opencv2\gpu\gpumat.hpp">
      <Filter>addons\ofxOpenCv\libs\opencv\include\opencv2\gpu</Filter>
    </ClInclude>
    <ClInclude Include="..\..\..\addons\ofxOpenCv\libs\opencv\include\opencv2\gpu\stream_accessor.hpp">
      <Filter>addons\ofxOpenCv\libs\opencv\include\opencv2\gpu</Filter>
    </ClInclude>
    <ClInclude Include="..\..\..\addons\ofxOpenCv\libs\opencv\include\opencv2\gpu\device\block.hpp">
      <Filter>addons\ofxOpenCv\libs\opencv\include\opencv2\gpu\device</Filter>
    </ClInclude>
    <ClInclude Include="..\..\..\addons\ofxOpenCv\libs\opencv\include\opencv2\gpu\device\border_interpolate.hpp">
      <Filter>addons\ofxOpenCv\libs\opencv\include\opencv2\gpu\device</Filter>
    </ClInclude>
    <ClInclude Include="..\..\..\addons\ofxOpenCv\libs\opencv\include\opencv2\gpu\device\color.hpp">
      <Filter>addons\ofxOpenCv\libs\opencv\include\opencv2\gpu\device</Filter>
    </ClInclude>
    <ClInclude Include="..\..\..\addons\ofxOpenCv\libs\opencv\include\opencv2\gpu\device\common.hpp">
      <Filter>addons\ofxOpenCv\libs\opencv\include\opencv2\gpu\device</Filter>
    </ClInclude>
    <ClInclude Include="..\..\..\addons\ofxOpenCv\libs\opencv\include\opencv2\gpu\device\datamov_utils.hpp">
      <Filter>addons\ofxOpenCv\libs\opencv\include\opencv2\gpu\device</Filter>
    </ClInclude>
    <ClInclude Include="..\..\..\addons\ofxOpenCv\libs\opencv\include\opencv2\gpu\device\dynamic_smem.hpp">
      <Filter>addons\ofxOpenCv\libs\opencv\include\opencv2\gpu\device</Filter>
    </ClInclude>
    <ClInclude Include="..\..\..\addons\ofxOpenCv\libs\opencv\include\opencv2\gpu\device\emulation.hpp">
      <Filter>addons\ofxOpenCv\libs\opencv\include\opencv2\gpu\device</Filter>
    </ClInclude>
    <ClInclude Include="..\..\..\addons\ofxOpenCv\libs\opencv\include\opencv2\gpu\device\filters.hpp">
      <Filter>addons\ofxOpenCv\libs\opencv\include\opencv2\gpu\device</Filter>
    </ClInclude>
    <ClInclude Include="..\..\..\addons\ofxOpenCv\libs\opencv\include\opencv2\gpu\device\funcattrib.hpp">
      <Filter>addons\ofxOpenCv\libs\opencv\include\opencv2\gpu\device</Filter>
    </ClInclude>
    <ClInclude Include="..\..\..\addons\ofxOpenCv\libs\opencv\include\opencv2\gpu\device\functional.hpp">
      <Filter>addons\ofxOpenCv\libs\opencv\include\opencv2\gpu\device</Filter>
    </ClInclude>
    <ClInclude Include="..\..\..\addons\ofxOpenCv\libs\opencv\include\opencv2\gpu\device\limits.hpp">
      <Filter>addons\ofxOpenCv\libs\opencv\include\opencv2\gpu\device</Filter>
    </ClInclude>
    <ClInclude Include="..\..\..\addons\ofxOpenCv\libs\opencv\include\opencv2\gpu\device\reduce.hpp">
      <Filter>addons\ofxOpenCv\libs\opencv\include\opencv2\gpu\device</Filter>
    </ClInclude>
    <ClInclude Include="..\..\..\addons\ofxOpenCv\libs\opencv\include\opencv2\gpu\device\saturate_cast.hpp">
      <Filter>addons\ofxOpenCv\libs\opencv\include\opencv2\gpu\device</Filter>
    </ClInclude>
    <ClInclude Include="..\..\..\addons\ofxOpenCv\libs\opencv\include\opencv2\gpu\device\scan.hpp">
      <Filter>addons\ofxOpenCv\libs\opencv\include\opencv2\gpu\device</Filter>
    </ClInclude>
    <ClInclude Include="..\..\..\addons\ofxOpenCv\libs\opencv\include\opencv2\gpu\device\simd_functions.hpp">
      <Filter>addons\ofxOpenCv\libs\opencv\include\opencv2\gpu\device</Filter>
    </ClInclude>
    <ClInclude Include="..\..\..\addons\ofxOpenCv\libs\opencv\include\opencv2\gpu\device\static_check.hpp">
      <Filter>addons\ofxOpenCv\libs\opencv\include\opencv2\gpu\device</Filter>
    </ClInclude>
    <ClInclude Include="..\..\..\addons\ofxOpenCv\libs\opencv\include\opencv2\gpu\device\transform.hpp">
      <Filter>addons\ofxOpenCv\libs\opencv\include\opencv2\gpu\device</Filter>
    </ClInclude>
    <ClInclude Include="..\..\..\addons\ofxOpenCv\libs\opencv\include\opencv2\gpu\device\type_traits.hpp">
      <Filter>addons\ofxOpenCv\libs\opencv\include\opencv2\gpu\device</Filter>
    </ClInclude>
    <ClInclude Include="..\..\..\addons\ofxOpenCv\libs\opencv\include\opencv2\gpu\device\utility.hpp">
      <Filter>addons\ofxOpenCv\libs\opencv\include\opencv2\gpu\device</Filter>
    </ClInclude>
    <ClInclude Include="..\..\..\addons\ofxOpenCv\libs\opencv\include\opencv2\gpu\device\vec_distance.hpp">
      <Filter>addons\ofxOpenCv\libs\opencv\include\opencv2\gpu\device</Filter>
    </ClInclude>
    <ClInclude Include="..\..\..\addons\ofxOpenCv\libs\opencv\include\opencv2\gpu\device\vec_math.hpp">
      <Filter>addons\ofxOpenCv\libs\opencv\include\opencv2\gpu\device</Filter>
    </ClInclude>
    <ClInclude Include="..\..\..\addons\ofxOpenCv\libs\opencv\include\opencv2\gpu\device\vec_traits.hpp">
      <Filter>addons\ofxOpenCv\libs\opencv\include\opencv2\gpu\device</Filter>
    </ClInclude>
    <ClInclude Include="..\..\..\addons\ofxOpenCv\libs\opencv\include\opencv2\gpu\device\warp.hpp">
      <Filter>addons\ofxOpenCv\libs\opencv\include\opencv2\gpu\device</Filter>
    </ClInclude>
    <ClInclude Include="..\..\..\addons\ofxOpenCv\libs\opencv\include\opencv2\gpu\device\warp_reduce.hpp">
      <Filter>addons\ofxOpenCv\libs\opencv\include\opencv2\gpu\device</Filter>
    </ClInclude>
    <ClInclude Include="..\..\..\addons\ofxOpenCv\libs\opencv\include\opencv2\gpu\device\warp_shuffle.hpp">
      <Filter>addons\ofxOpenCv\libs\opencv\include\opencv2\gpu\device</Filter>
    </ClInclude>
    <ClInclude Include="..\..\..\addons\ofxOpenCv\libs\opencv\include\opencv2\gpu\device\detail\color_detail.hpp">
      <Filter>addons\ofxOpenCv\libs\opencv\include\opencv2\gpu\device\detail</Filter>
    </ClInclude>
    <ClInclude Include="..\..\..\addons\ofxOpenCv\libs\opencv\include\opencv2\gpu\device\detail\reduce.hpp">
      <Filter>addons\ofxOpenCv\libs\opencv\include\opencv2\gpu\device\detail</Filter>
    </ClInclude>
    <ClInclude Include="..\..\..\addons\ofxOpenCv\libs\opencv\include\opencv2\gpu\device\detail\reduce_key_val.hpp">
      <Filter>addons\ofxOpenCv\libs\opencv\include\opencv2\gpu\device\detail</Filter>
    </ClInclude>
    <ClInclude Include="..\..\..\addons\ofxOpenCv\libs\opencv\include\opencv2\gpu\device\detail\transform_detail.hpp">
      <Filter>addons\ofxOpenCv\libs\opencv\include\opencv2\gpu\device\detail</Filter>
    </ClInclude>
    <ClInclude Include="..\..\..\addons\ofxOpenCv\libs\opencv\include\opencv2\gpu\device\detail\type_traits_detail.hpp">
      <Filter>addons\ofxOpenCv\libs\opencv\include\opencv2\gpu\device\detail</Filter>
    </ClInclude>
    <ClInclude Include="..\..\..\addons\ofxOpenCv\libs\opencv\include\opencv2\gpu\device\detail\vec_distance_detail.hpp">
      <Filter>addons\ofxOpenCv\libs\opencv\include\opencv2\gpu\device\detail</Filter>
    </ClInclude>
    <ClInclude Include="..\..\..\addons\ofxOpenCv\libs\opencv\include\opencv2\highgui\cap_ios.h">
      <Filter>addons\ofxOpenCv\libs\opencv\include\opencv2\highgui</Filter>
    </ClInclude>
    <ClInclude Include="..\..\..\addons\ofxOpenCv\libs\opencv\include\opencv2\highgui\highgui_c.h">
      <Filter>addons\ofxOpenCv\libs\opencv\include\opencv2\highgui</Filter>
    </ClInclude>
    <ClInclude Include="..\..\..\addons\ofxOpenCv\libs\opencv\include\opencv2\highgui\ios.h">
      <Filter>addons\ofxOpenCv\libs\opencv\include\opencv2\highgui</Filter>
    </ClInclude>
    <ClInclude Include="..\..\..\addons\ofxOpenCv\libs\opencv\include\opencv2\highgui\highgui.hpp">
      <Filter>addons\ofxOpenCv\libs\opencv\include\opencv2\highgui</Filter>
    </ClInclude>
    <ClInclude Include="..\..\..\addons\ofxOpenCv\libs\opencv\include\opencv2\imgproc\imgproc_c.h">
      <Filter>addons\ofxOpenCv\libs\opencv\include\opencv2\imgproc</Filter>
    </ClInclude>
    <ClInclude Include="..\..\..\addons\ofxOpenCv\libs\opencv\include\opencv2\imgproc\types_c.h">
      <Filter>addons\ofxOpenCv\libs\opencv\include\opencv2\imgproc</Filter>
    </ClInclude>
    <ClInclude Include="..\..\..\addons\ofxOpenCv\libs\opencv\include\opencv2\imgproc\imgproc.hpp">
      <Filter>addons\ofxOpenCv\libs\opencv\include\opencv2\imgproc</Filter>
    </ClInclude>
    <ClInclude Include="..\..\..\addons\ofxOpenCv\libs\opencv\include\opencv2\legacy\blobtrack.hpp">
      <Filter>addons\ofxOpenCv\libs\opencv\include\opencv2\legacy</Filter>
    </ClInclude>
    <ClInclude Include="..\..\..\addons\ofxOpenCv\libs\opencv\include\opencv2\legacy\compat.hpp">
      <Filter>addons\ofxOpenCv\libs\opencv\include\opencv2\legacy</Filter>
    </ClInclude>
    <ClInclude Include="..\..\..\addons\ofxOpenCv\libs\opencv\include\opencv2\legacy\legacy.hpp">
      <Filter>addons\ofxOpenCv\libs\opencv\include\opencv2\legacy</Filter>
    </ClInclude>
    <ClInclude Include="..\..\..\addons\ofxOpenCv\libs\opencv\include\opencv2\legacy\streams.hpp">
      <Filter>addons\ofxOpenCv\libs\opencv\include\opencv2\legacy</Filter>
    </ClInclude>
    <ClInclude Include="..\..\..\addons\ofxOpenCv\libs\opencv\include\opencv2\ml\ml.hpp">
      <Filter>addons\ofxOpenCv\libs\opencv\include\opencv2\ml</Filter>
    </ClInclude>
    <ClInclude Include="..\..\..\addons\ofxOpenCv\libs\opencv\include\opencv2\nonfree\features2d.hpp">
      <Filter>addons\ofxOpenCv\libs\opencv\include\opencv2\nonfree</Filter>
    </ClInclude>
    <ClInclude Include="..\..\..\addons\ofxOpenCv\libs\opencv\include\opencv2\nonfree\gpu.hpp">
      <Filter>addons\ofxOpenCv\libs\opencv\include\opencv2\nonfree</Filter>
    </ClInclude>
    <ClInclude Include="..\..\..\addons\ofxOpenCv\libs\opencv\include\opencv2\nonfree\nonfree.hpp">
      <Filter>addons\ofxOpenCv\libs\opencv\include\opencv2\nonfree</Filter>
    </ClInclude>
    <ClInclude Include="..\..\..\addons\ofxOpenCv\libs\opencv\include\opencv2\nonfree\ocl.hpp">
      <Filter>addons\ofxOpenCv\libs\opencv\include\opencv2\nonfree</Filter>
    </ClInclude>
    <ClInclude Include="..\..\..\addons\ofxOpenCv\libs\opencv\include\opencv2\objdetect\objdetect.hpp">
      <Filter>addons\ofxOpenCv\libs\opencv\include\opencv2\objdetect</Filter>
    </ClInclude>
    <ClInclude Include="..\..\..\addons\ofxOpenCv\libs\opencv\include\opencv2\photo\photo_c.h">
      <Filter>addons\ofxOpenCv\libs\opencv\include\opencv2\photo</Filter>
    </ClInclude>
    <ClInclude Include="..\..\..\addons\ofxOpenCv\libs\opencv\include\opencv2\photo\photo.hpp">
      <Filter>addons\ofxOpenCv\libs\opencv\include\opencv2\photo</Filter>
    </ClInclude>
    <ClInclude Include="..\..\..\addons\ofxOpenCv\libs\opencv\include\opencv2\stitching\stitcher.hpp">
      <Filter>addons\ofxOpenCv\libs\opencv\include\opencv2\stitching</Filter>
    </ClInclude>
    <ClInclude Include="..\..\..\addons\ofxOpenCv\libs\opencv\include\opencv2\stitching\warpers.hpp">
      <Filter>addons\ofxOpenCv\libs\opencv\include\opencv2\stitching</Filter>
    </ClInclude>
    <ClInclude Include="..\..\..\addons\ofxOpenCv\libs\opencv\include\opencv2\stitching\detail\autocalib.hpp">
      <Filter>addons\ofxOpenCv\libs\opencv\include\opencv2\stitching\detail</Filter>
    </ClInclude>
    <ClInclude Include="..\..\..\addons\ofxOpenCv\libs\opencv\include\opencv2\stitching\detail\blenders.hpp">
      <Filter>addons\ofxOpenCv\libs\opencv\include\opencv2\stitching\detail</Filter>
    </ClInclude>
    <ClInclude Include="..\..\..\addons\ofxOpenCv\libs\opencv\include\opencv2\stitching\detail\camera.hpp">
      <Filter>addons\ofxOpenCv\libs\opencv\include\opencv2\stitching\detail</Filter>
    </ClInclude>
    <ClInclude Include="..\..\..\addons\ofxOpenCv\libs\opencv\include\opencv2\stitching\detail\exposure_compensate.hpp">
      <Filter>addons\ofxOpenCv\libs\opencv\include\opencv2\stitching\detail</Filter>
    </ClInclude>
    <ClInclude Include="..\..\..\addons\ofxOpenCv\libs\opencv\include\opencv2\stitching\detail\matchers.hpp">
      <Filter>addons\ofxOpenCv\libs\opencv\include\opencv2\stitching\detail</Filter>
    </ClInclude>
    <ClInclude Include="..\..\..\addons\ofxOpenCv\libs\opencv\include\opencv2\stitching\detail\motion_estimators.hpp">
      <Filter>addons\ofxOpenCv\libs\opencv\include\opencv2\stitching\detail</Filter>
    </ClInclude>
    <ClInclude Include="..\..\..\addons\ofxOpenCv\libs\opencv\include\opencv2\stitching\detail\seam_finders.hpp">
      <Filter>addons\ofxOpenCv\libs\opencv\include\opencv2\stitching\detail</Filter>
    </ClInclude>
    <ClInclude Include="..\..\..\addons\ofxOpenCv\libs\opencv\include\opencv2\stitching\detail\util.hpp">
      <Filter>addons\ofxOpenCv\libs\opencv\include\opencv2\stitching\detail</Filter>
    </ClInclude>
    <ClInclude Include="..\..\..\addons\ofxOpenCv\libs\opencv\include\opencv2\stitching\detail\util_inl.hpp">
      <Filter>addons\ofxOpenCv\libs\opencv\include\opencv2\stitching\detail</Filter>
    </ClInclude>
    <ClInclude Include="..\..\..\addons\ofxOpenCv\libs\opencv\include\opencv2\stitching\detail\warpers.hpp">
      <Filter>addons\ofxOpenCv\libs\opencv\include\opencv2\stitching\detail</Filter>
    </ClInclude>
    <ClInclude Include="..\..\..\addons\ofxOpenCv\libs\opencv\include\opencv2\stitching\detail\warpers_inl.hpp">
      <Filter>addons\ofxOpenCv\libs\opencv\include\opencv2\stitching\detail</Filter>
    </ClInclude>
    <ClInclude Include="..\..\..\addons\ofxOpenCv\libs\opencv\include\opencv2\superres\optical_flow.hpp">
      <Filter>addons\ofxOpenCv\libs\opencv\include\opencv2\superres</Filter>
    </ClInclude>
    <ClInclude Include="..\..\..\addons\ofxOpenCv\libs\opencv\include\opencv2\superres\superres.hpp">
      <Filter>addons\ofxOpenCv\libs\opencv\include\opencv2\superres</Filter>
    </ClInclude>
    <ClInclude Include="..\..\..\addons\ofxOpenCv\libs\opencv\include\opencv2\ts\ts_gtest.h">
      <Filter>addons\ofxOpenCv\libs\opencv\include\opencv2\ts</Filter>
    </ClInclude>
    <ClInclude Include="..\..\..\addons\ofxOpenCv\libs\opencv\include\opencv2\ts\gpu_perf.hpp">
      <Filter>addons\ofxOpenCv\libs\opencv\include\opencv2\ts</Filter>
    </ClInclude>
    <ClInclude Include="..\..\..\addons\ofxOpenCv\libs\opencv\include\opencv2\ts\gpu_test.hpp">
      <Filter>addons\ofxOpenCv\libs\opencv\include\opencv2\ts</Filter>
    </ClInclude>
    <ClInclude Include="..\..\..\addons\ofxOpenCv\libs\opencv\include\opencv2\ts\ts.hpp">
      <Filter>addons\ofxOpenCv\libs\opencv\include\opencv2\ts</Filter>
    </ClInclude>
    <ClInclude Include="..\..\..\addons\ofxOpenCv\libs\opencv\include\opencv2\ts\ts_perf.hpp">
      <Filter>addons\ofxOpenCv\libs\opencv\include\opencv2\ts</Filter>
    </ClInclude>
    <ClInclude Include="..\..\..\addons\ofxOpenCv\libs\opencv\include\opencv2\video\background_segm.hpp">
      <Filter>addons\ofxOpenCv\libs\opencv\include\opencv2\video</Filter>
    </ClInclude>
    <ClInclude Include="..\..\..\addons\ofxOpenCv\libs\opencv\include\opencv2\video\tracking.hpp">
      <Filter>addons\ofxOpenCv\libs\opencv\include\opencv2\video</Filter>
    </ClInclude>
    <ClInclude Include="..\..\..\addons\ofxOpenCv\libs\opencv\include\opencv2\video\video.hpp">
      <Filter>addons\ofxOpenCv\libs\opencv\include\opencv2\video</Filter>
    </ClInclude>
    <ClInclude Include="..\..\..\addons\ofxOpenCv\libs\opencv\include\opencv2\videostab\deblurring.hpp">
      <Filter>addons\ofxOpenCv\libs\opencv\include\opencv2\videostab</Filter>
    </ClInclude>
    <ClInclude Include="..\..\..\addons\ofxOpenCv\libs\opencv\include\opencv2\videostab\fast_marching.hpp">
      <Filter>addons\ofxOpenCv\libs\opencv\include\opencv2\videostab</Filter>
    </ClInclude>
    <ClInclude Include="..\..\..\addons\ofxOpenCv\libs\opencv\include\opencv2\videostab\fast_marching_inl.hpp">
      <Filter>addons\ofxOpenCv\libs\opencv\include\opencv2\videostab</Filter>
    </ClInclude>
    <ClInclude Include="..\..\..\addons\ofxOpenCv\libs\opencv\include\opencv2\videostab\frame_source.hpp">
      <Filter>addons\ofxOpenCv\libs\opencv\include\opencv2\videostab</Filter>
    </ClInclude>
    <ClInclude Include="..\..\..\addons\ofxOpenCv\libs\opencv\include\opencv2\videostab\global_motion.hpp">
      <Filter>addons\ofxOpenCv\libs\opencv\include\opencv2\videostab</Filter>
    </ClInclude>
    <ClInclude Include="..\..\..\addons\ofxOpenCv\libs\opencv\include\opencv2\videostab\inpainting.hpp">
      <Filter>addons\ofxOpenCv\libs\opencv\include\opencv2\videostab</Filter>
    </ClInclude>
    <ClInclude Include="..\..\..\addons\ofxOpenCv\libs\opencv\include\opencv2\videostab\log.hpp">
      <Filter>addons\ofxOpenCv\libs\opencv\include\opencv2\videostab</Filter>
    </ClInclude>
    <ClInclude Include="..\..\..\addons\ofxOpenCv\libs\opencv\include\opencv2\videostab\motion_stabilizing.hpp">
      <Filter>addons\ofxOpenCv\libs\opencv\include\opencv2\videostab</Filter>
    </ClInclude>
    <ClInclude Include="..\..\..\addons\ofxOpenCv\libs\opencv\include\opencv2\videostab\optical_flow.hpp">
      <Filter>addons\ofxOpenCv\libs\opencv\include\opencv2\videostab</Filter>
    </ClInclude>
    <ClInclude Include="..\..\..\addons\ofxOpenCv\libs\opencv\include\opencv2\videostab\stabilizer.hpp">
      <Filter>addons\ofxOpenCv\libs\opencv\include\opencv2\videostab</Filter>
    </ClInclude>
    <ClInclude Include="..\..\..\addons\ofxOpenCv\libs\opencv\include\opencv2\videostab\videostab.hpp">
      <Filter>addons\ofxOpenCv\libs\opencv\include\opencv2\videostab</Filter>
    </ClInclude>
    <ClInclude Include="..\..\..\addons\ofxXmlSettings\src\ofxXmlSettings.h">
      <Filter>addons\ofxXmlSettings\src</Filter>
    </ClInclude>
    <ClInclude Include="..\..\..\addons\ofxXmlSettings\libs\tinyxml.h">
      <Filter>addons\ofxXmlSettings\libs</Filter>
    </ClInclude>
    <ClInclude Include="..\..\..\addons\ofxGLWarper\src\ofxGLWarper.h">
      <Filter>addons\ofxGLWarper\src</Filter>
    </ClInclude>
    <ClInclude Include="..\..\..\addons\ofxLeapMotion2\src\ofxLeapMotion2.h">
      <Filter>addons\ofxLeapMotion2\src</Filter>
    </ClInclude>
    <ClInclude Include="..\..\..\addons\ofxLeapMotion2\libs\include\Leap.h">
      <Filter>addons\ofxLeapMotion2\libs\include</Filter>
    </ClInclude>
    <ClInclude Include="..\..\..\addons\ofxLeapMotion2\libs\include\LeapMath.h">
      <Filter>addons\ofxLeapMotion2\libs\include</Filter>
    </ClInclude>
    <ClInclude Include="..\..\..\addons\ofxPiMapper\src\Mode.h">
      <Filter>addons\ofxPiMapper\src</Filter>
    </ClInclude>
    <ClInclude Include="..\..\..\addons\ofxPiMapper\src\ofxPiMapper.h">
      <Filter>addons\ofxPiMapper\src</Filter>
    </ClInclude>
    <ClInclude Include="..\..\..\addons\ofxPiMapper\src\Application\Application.h">
      <Filter>addons\ofxPiMapper\src\Application</Filter>
    </ClInclude>
    <ClInclude Include="..\..\..\addons\ofxPiMapper\src\Application\SettingsLoader.h">
      <Filter>addons\ofxPiMapper\src\Application</Filter>
    </ClInclude>
    <ClInclude Include="..\..\..\addons\ofxPiMapper\src\Application\Modes\ApplicationBaseMode.h">
      <Filter>addons\ofxPiMapper\src\Application\Modes</Filter>
    </ClInclude>
    <ClInclude Include="..\..\..\addons\ofxPiMapper\src\Application\Modes\PresentationMode.h">
      <Filter>addons\ofxPiMapper\src\Application\Modes</Filter>
    </ClInclude>
    <ClInclude Include="..\..\..\addons\ofxPiMapper\src\Application\Modes\ProjectionMappingMode.h">
      <Filter>addons\ofxPiMapper\src\Application\Modes</Filter>
    </ClInclude>
    <ClInclude Include="..\..\..\addons\ofxPiMapper\src\Application\Modes\SourceSelectionMode.h">
      <Filter>addons\ofxPiMapper\src\Application\Modes</Filter>
    </ClInclude>
    <ClInclude Include="..\..\..\addons\ofxPiMapper\src\Application\Modes\TextureMappingMode.h">
      <Filter>addons\ofxPiMapper\src\Application\Modes</Filter>
    </ClInclude>
    <ClInclude Include="..\..\..\addons\ofxPiMapper\src\Commands\AddGridColCmd.h">
      <Filter>addons\ofxPiMapper\src\Commands</Filter>
    </ClInclude>
    <ClInclude Include="..\..\..\addons\ofxPiMapper\src\Commands\AddGridRowCmd.h">
      <Filter>addons\ofxPiMapper\src\Commands</Filter>
    </ClInclude>
    <ClInclude Include="..\..\..\addons\ofxPiMapper\src\Commands\AddSurfaceCmd.h">
      <Filter>addons\ofxPiMapper\src\Commands</Filter>
    </ClInclude>
    <ClInclude Include="..\..\..\addons\ofxPiMapper\src\Commands\BaseCmd.h">
      <Filter>addons\ofxPiMapper\src\Commands</Filter>
    </ClInclude>
    <ClInclude Include="..\..\..\addons\ofxPiMapper\src\Commands\ClearSurfacesCmd.h">
      <Filter>addons\ofxPiMapper\src\Commands</Filter>
    </ClInclude>
    <ClInclude Include="..\..\..\addons\ofxPiMapper\src\Commands\CmdManager.h">
      <Filter>addons\ofxPiMapper\src\Commands</Filter>
    </ClInclude>
    <ClInclude Include="..\..\..\addons\ofxPiMapper\src\Commands\DeselectSurfaceCmd.h">
      <Filter>addons\ofxPiMapper\src\Commands</Filter>
    </ClInclude>
    <ClInclude Include="..\..\..\addons\ofxPiMapper\src\Commands\DeselectTexCoordCmd.h">
      <Filter>addons\ofxPiMapper\src\Commands</Filter>
    </ClInclude>
    <ClInclude Include="..\..\..\addons\ofxPiMapper\src\Commands\DuplicateSurfaceCmd.h">
      <Filter>addons\ofxPiMapper\src\Commands</Filter>
    </ClInclude>
    <ClInclude Include="..\..\..\addons\ofxPiMapper\src\Commands\MvAllTexCoordsCmd.h">
      <Filter>addons\ofxPiMapper\src\Commands</Filter>
    </ClInclude>
    <ClInclude Include="..\..\..\addons\ofxPiMapper\src\Commands\MvLayerDnCmd.h">
      <Filter>addons\ofxPiMapper\src\Commands</Filter>
    </ClInclude>
    <ClInclude Include="..\..\..\addons\ofxPiMapper\src\Commands\MvLayerUpCmd.h">
      <Filter>addons\ofxPiMapper\src\Commands</Filter>
    </ClInclude>
    <ClInclude Include="..\..\..\addons\ofxPiMapper\src\Commands\MvSelectionCmd.h">
      <Filter>addons\ofxPiMapper\src\Commands</Filter>
    </ClInclude>
    <ClInclude Include="..\..\..\addons\ofxPiMapper\src\Commands\MvSurfaceVertCmd.h">
      <Filter>addons\ofxPiMapper\src\Commands</Filter>
    </ClInclude>
    <ClInclude Include="..\..\..\addons\ofxPiMapper\src\Commands\MvTexCoordCmd.h">
      <Filter>addons\ofxPiMapper\src\Commands</Filter>
    </ClInclude>
    <ClInclude Include="..\..\..\addons\ofxPiMapper\src\Commands\RmGridColCmd.h">
      <Filter>addons\ofxPiMapper\src\Commands</Filter>
    </ClInclude>
    <ClInclude Include="..\..\..\addons\ofxPiMapper\src\Commands\RmGridRowCmd.h">
      <Filter>addons\ofxPiMapper\src\Commands</Filter>
    </ClInclude>
    <ClInclude Include="..\..\..\addons\ofxPiMapper\src\Commands\RmSurfaceCmd.h">
      <Filter>addons\ofxPiMapper\src\Commands</Filter>
    </ClInclude>
    <ClInclude Include="..\..\..\addons\ofxPiMapper\src\Commands\SaveTexCoordPosCmd.h">
      <Filter>addons\ofxPiMapper\src\Commands</Filter>
    </ClInclude>
    <ClInclude Include="..\..\..\addons\ofxPiMapper\src\Commands\ScaleSurfaceFromToCmd.h">
      <Filter>addons\ofxPiMapper\src\Commands</Filter>
    </ClInclude>
    <ClInclude Include="..\..\..\addons\ofxPiMapper\src\Commands\SelNextSurfaceCmd.h">
      <Filter>addons\ofxPiMapper\src\Commands</Filter>
    </ClInclude>
    <ClInclude Include="..\..\..\addons\ofxPiMapper\src\Commands\SelNextTexCoordCmd.h">
      <Filter>addons\ofxPiMapper\src\Commands</Filter>
    </ClInclude>
    <ClInclude Include="..\..\..\addons\ofxPiMapper\src\Commands\SelNextVertexCmd.h">
      <Filter>addons\ofxPiMapper\src\Commands</Filter>
    </ClInclude>
    <ClInclude Include="..\..\..\addons\ofxPiMapper\src\Commands\SelPrevSurfaceCmd.h">
      <Filter>addons\ofxPiMapper\src\Commands</Filter>
    </ClInclude>
    <ClInclude Include="..\..\..\addons\ofxPiMapper\src\Commands\SelPrevTexCoordCmd.h">
      <Filter>addons\ofxPiMapper\src\Commands</Filter>
    </ClInclude>
    <ClInclude Include="..\..\..\addons\ofxPiMapper\src\Commands\SelPrevVertexCmd.h">
      <Filter>addons\ofxPiMapper\src\Commands</Filter>
    </ClInclude>
    <ClInclude Include="..\..\..\addons\ofxPiMapper\src\Commands\SelSurfaceCmd.h">
      <Filter>addons\ofxPiMapper\src\Commands</Filter>
    </ClInclude>
    <ClInclude Include="..\..\..\addons\ofxPiMapper\src\Commands\SelTexCoordCmd.h">
      <Filter>addons\ofxPiMapper\src\Commands</Filter>
    </ClInclude>
    <ClInclude Include="..\..\..\addons\ofxPiMapper\src\Commands\SelVertexCmd.h">
      <Filter>addons\ofxPiMapper\src\Commands</Filter>
    </ClInclude>
    <ClInclude Include="..\..\..\addons\ofxPiMapper\src\Commands\SetApplicationModeCmd.h">
      <Filter>addons\ofxPiMapper\src\Commands</Filter>
    </ClInclude>
    <ClInclude Include="..\..\..\addons\ofxPiMapper\src\Commands\SetNextSourceCmd.h">
      <Filter>addons\ofxPiMapper\src\Commands</Filter>
    </ClInclude>
    <ClInclude Include="..\..\..\addons\ofxPiMapper\src\Commands\SetPresetCmd.h">
      <Filter>addons\ofxPiMapper\src\Commands</Filter>
    </ClInclude>
    <ClInclude Include="..\..\..\addons\ofxPiMapper\src\Commands\SetSourceCmd.h">
      <Filter>addons\ofxPiMapper\src\Commands</Filter>
    </ClInclude>
    <ClInclude Include="..\..\..\addons\ofxPiMapper\src\Commands\SetTexMapDrawModeCmd.h">
      <Filter>addons\ofxPiMapper\src\Commands</Filter>
    </ClInclude>
    <ClInclude Include="..\..\..\addons\ofxPiMapper\src\Commands\StartDragSurfaceCmd.h">
      <Filter>addons\ofxPiMapper\src\Commands</Filter>
    </ClInclude>
    <ClInclude Include="..\..\..\addons\ofxPiMapper\src\Commands\ToggleAnimatedSourceCmd.h">
      <Filter>addons\ofxPiMapper\src\Commands</Filter>
    </ClInclude>
    <ClInclude Include="..\..\..\addons\ofxPiMapper\src\Commands\TogglePerspectiveCmd.h">
      <Filter>addons\ofxPiMapper\src\Commands</Filter>
    </ClInclude>
    <ClInclude Include="..\..\..\addons\ofxPiMapper\src\Commands\TranslateCanvasCmd.h">
      <Filter>addons\ofxPiMapper\src\Commands</Filter>
    </ClInclude>
    <ClInclude Include="..\..\..\addons\ofxPiMapper\src\Gui\Gui.h">
      <Filter>addons\ofxPiMapper\src\Gui</Filter>
    </ClInclude>
    <ClInclude Include="..\..\..\addons\ofxPiMapper\src\Gui\Widgets\GuiBaseWidget.h">
      <Filter>addons\ofxPiMapper\src\Gui\Widgets</Filter>
    </ClInclude>
    <ClInclude Include="..\..\..\addons\ofxPiMapper\src\Gui\Widgets\LayerPanelWidget.h">
      <Filter>addons\ofxPiMapper\src\Gui\Widgets</Filter>
    </ClInclude>
    <ClInclude Include="..\..\..\addons\ofxPiMapper\src\Gui\Widgets\ProjectionEditorWidget.h">
      <Filter>addons\ofxPiMapper\src\Gui\Widgets</Filter>
    </ClInclude>
    <ClInclude Include="..\..\..\addons\ofxPiMapper\src\Gui\Widgets\ScaleWidget.h">
      <Filter>addons\ofxPiMapper\src\Gui\Widgets</Filter>
    </ClInclude>
    <ClInclude Include="..\..\..\addons\ofxPiMapper\src\Gui\Widgets\SourcesEditorWidget.h">
      <Filter>addons\ofxPiMapper\src\Gui\Widgets</Filter>
    </ClInclude>
    <ClInclude Include="..\..\..\addons\ofxPiMapper\src\Gui\Widgets\SurfaceHighlightWidget.h">
      <Filter>addons\ofxPiMapper\src\Gui\Widgets</Filter>
    </ClInclude>
    <ClInclude Include="..\..\..\addons\ofxPiMapper\src\Gui\Widgets\TextureEditorWidget.h">
      <Filter>addons\ofxPiMapper\src\Gui\Widgets</Filter>
    </ClInclude>
    <ClInclude Include="..\..\..\addons\ofxPiMapper\src\Gui\Widgets\TextureHighlightWidget.h">
      <Filter>addons\ofxPiMapper\src\Gui\Widgets</Filter>
    </ClInclude>
    <ClInclude Include="..\..\..\addons\ofxPiMapper\src\Info\Info.h">
      <Filter>addons\ofxPiMapper\src\Info</Filter>
    </ClInclude>
    <ClInclude Include="..\..\..\addons\ofxPiMapper\src\MediaServer\DirectoryWatcher.h">
      <Filter>addons\ofxPiMapper\src\MediaServer</Filter>
    </ClInclude>
    <ClInclude Include="..\..\..\addons\ofxPiMapper\src\MediaServer\MediaServer.h">
      <Filter>addons\ofxPiMapper\src\MediaServer</Filter>
    </ClInclude>
    <ClInclude Include="..\..\..\addons\ofxPiMapper\src\Sources\BaseSource.h">
      <Filter>addons\ofxPiMapper\src\Sources</Filter>
    </ClInclude>
    <ClInclude Include="..\..\..\addons\ofxPiMapper\src\Sources\FboSource.h">
      <Filter>addons\ofxPiMapper\src\Sources</Filter>
    </ClInclude>
    <ClInclude Include="..\..\..\addons\ofxPiMapper\src\Sources\ImageSource.h">
      <Filter>addons\ofxPiMapper\src\Sources</Filter>
    </ClInclude>
    <ClInclude Include="..\..\..\addons\ofxPiMapper\src\Sources\OMXPlayerCache.h">
      <Filter>addons\ofxPiMapper\src\Sources</Filter>
    </ClInclude>
    <ClInclude Include="..\..\..\addons\ofxPiMapper\src\Sources\SourceType.h">
      <Filter>addons\ofxPiMapper\src\Sources</Filter>
    </ClInclude>
    <ClInclude Include="..\..\..\addons\ofxPiMapper\src\Sources\SourceTypeHelper.h">
      <Filter>addons\ofxPiMapper\src\Sources</Filter>
    </ClInclude>
    <ClInclude Include="..\..\..\addons\ofxPiMapper\src\Sources\VideoSource.h">
      <Filter>addons\ofxPiMapper\src\Sources</Filter>
    </ClInclude>
    <ClInclude Include="..\..\..\addons\ofxPiMapper\src\Surfaces\BaseSurface.h">
      <Filter>addons\ofxPiMapper\src\Surfaces</Filter>
    </ClInclude>
    <ClInclude Include="..\..\..\addons\ofxPiMapper\src\Surfaces\GridWarpSurface.h">
      <Filter>addons\ofxPiMapper\src\Surfaces</Filter>
    </ClInclude>
    <ClInclude Include="..\..\..\addons\ofxPiMapper\src\Surfaces\HexagonSurface.h">
      <Filter>addons\ofxPiMapper\src\Surfaces</Filter>
    </ClInclude>
    <ClInclude Include="..\..\..\addons\ofxPiMapper\src\Surfaces\QuadSurface.h">
      <Filter>addons\ofxPiMapper\src\Surfaces</Filter>
    </ClInclude>
    <ClInclude Include="..\..\..\addons\ofxPiMapper\src\Surfaces\SurfaceFactory.h">
      <Filter>addons\ofxPiMapper\src\Surfaces</Filter>
    </ClInclude>
    <ClInclude Include="..\..\..\addons\ofxPiMapper\src\Surfaces\SurfaceManager.h">
      <Filter>addons\ofxPiMapper\src\Surfaces</Filter>
    </ClInclude>
    <ClInclude Include="..\..\..\addons\ofxPiMapper\src\Surfaces\SurfaceStack.h">
      <Filter>addons\ofxPiMapper\src\Surfaces</Filter>
    </ClInclude>
    <ClInclude Include="..\..\..\addons\ofxPiMapper\src\Surfaces\SurfaceType.h">
      <Filter>addons\ofxPiMapper\src\Surfaces</Filter>
    </ClInclude>
    <ClInclude Include="..\..\..\addons\ofxPiMapper\src\Surfaces\TriangleSurface.h">
      <Filter>addons\ofxPiMapper\src\Surfaces</Filter>
    </ClInclude>
    <ClInclude Include="..\..\..\addons\ofxPiMapper\src\UserInterface\BaseJoint.h">
      <Filter>addons\ofxPiMapper\src\UserInterface</Filter>
    </ClInclude>
    <ClInclude Include="..\..\..\addons\ofxPiMapper\src\UserInterface\CircleJoint.h">
      <Filter>addons\ofxPiMapper\src\UserInterface</Filter>
    </ClInclude>
    <ClInclude Include="..\..\..\addons\ofxPiMapper\src\UserInterface\EditorType.h">
      <Filter>addons\ofxPiMapper\src\UserInterface</Filter>
    </ClInclude>
    <ClInclude Include="..\..\..\addons\ofxPiMapper\src\UserInterface\GuiMode.h">
      <Filter>addons\ofxPiMapper\src\UserInterface</Filter>
    </ClInclude>
    <ClInclude Include="..\..\..\addons\ofxPiMapper\src\UserInterface\RadioList.h">
      <Filter>addons\ofxPiMapper\src\UserInterface</Filter>
    </ClInclude>
    <ClInclude Include="..\..\..\addons\ofxPiMapper\src\Utils\HomographyHelper.h">
      <Filter>addons\ofxPiMapper\src\Utils</Filter>
    </ClInclude>
  </ItemGroup>
  <ItemGroup>
    <ResourceCompile Include="icon.rc" />
  </ItemGroup>
</Project>